
Microsoft Visual Studio Solution File, Format Version 12.00
# Visual Studio Version 17
VisualStudioVersion = 17.7.34031.279
MinimumVisualStudioVersion = 10.0.40219.1
Project("{FAE04EC0-301F-11D3-BF4B-00C04F79EFBC}") = "Practica2", "Practica2\Practica2.csproj", "{48A117F7-FF17-42F8-90B6-788A8453C584}"
EndProject
Global
	GlobalSection(SolutionConfigurationPlatforms) = preSolution
		Debug|Any CPU = Debug|Any CPU
		Release|Any CPU = Release|Any CPU
	EndGlobalSection
	GlobalSection(ProjectConfigurationPlatforms) = postSolution
		{48A117F7-FF17-42F8-90B6-788A8453C584}.Debug|Any CPU.ActiveCfg = Debug|Any CPU
		{48A117F7-FF17-42F8-90B6-788A8453C584}.Debug|Any CPU.Build.0 = Debug|Any CPU
		{48A117F7-FF17-42F8-90B6-788A8453C584}.Release|Any CPU.ActiveCfg = Release|Any CPU
		{48A117F7-FF17-42F8-90B6-788A8453C584}.Release|Any CPU.Build.0 = Release|Any CPU
	EndGlobalSection
	GlobalSection(SolutionProperties) = preSolution
		HideSolutionNode = FALSE
	EndGlobalSection
	GlobalSection(ExtensibilityGlobals) = postSolution
		SolutionGuid = {E3DD19E8-F330-490E-9C06-83C6276685E5}
	EndGlobalSection
EndGlobal
